PODS:
  - SwiftSignalRClient (0.4.0)

DEPENDENCIES:
  - SwiftSignalRClient (~> 0.4.0)

SPEC REPOS:
  https://github.com/cocoapods/specs.git:
    - SwiftSignalRClient

SPEC CHECKSUMS:
  SwiftSignalRClient: b9a03d7107bd971c15555279135b196563e1c0b1

PODFILE CHECKSUM: dde5579353e143bf737ac37e81e4d682f0695002

COCOAPODS: 1.5.3
