PODS:
  - SwiftSignalRClient (0.3.0)

DEPENDENCIES:
  - SwiftSignalRClient (from `https://github.com/moozzyk/SignalR-Client-Swift.git`)

EXTERNAL SOURCES:
  SwiftSignalRClient:
    :git: https://github.com/moozzyk/SignalR-Client-Swift.git

CHECKOUT OPTIONS:
  SwiftSignalRClient:
    :commit: 72088964502cd6b753f9254b88a0e9f5874e4b4b
    :git: https://github.com/moozzyk/SignalR-Client-Swift.git

SPEC CHECKSUMS:
  SwiftSignalRClient: 1574fb3c3aba618d8321179e8b30981c43423537

PODFILE CHECKSUM: a578c61c801fcfd98c0749c28f83fbc9db926554

COCOAPODS: 1.5.3
